// !$*UTF8*$!
{
	archiveVersion = 1;
	classes = {
	};
	objectVersion = 50;
	objects = {

/* Begin PBXBuildFile section */
		F01DBC852681C19D00034F3C /* AppDelegate.swift in Sources */ = {isa = PBXBuildFile; fileRef = F01DBC842681C19D00034F3C /* AppDelegate.swift */; };
		F01DBC872681C19D00034F3C /* SceneDelegate.swift in Sources */ = {isa = PBXBuildFile; fileRef = F01DBC862681C19D00034F3C /* SceneDelegate.swift */; };
		F01DBC892681C19D00034F3C /* TimeToNoteViewController.swift in Sources */ = {isa = PBXBuildFile; fileRef = F01DBC882681C19D00034F3C /* TimeToNoteViewController.swift */; };
		F01DBC8C2681C19D00034F3C /* Main.storyboard in Resources */ = {isa = PBXBuildFile; fileRef = F01DBC8A2681C19D00034F3C /* Main.storyboard */; };
		F01DBC8E2681C1A100034F3C /* Assets.xcassets in Resources */ = {isa = PBXBuildFile; fileRef = F01DBC8D2681C1A100034F3C /* Assets.xcassets */; };
		F01DBC912681C1A100034F3C /* LaunchScreen.storyboard in Resources */ = {isa = PBXBuildFile; fileRef = F01DBC8F2681C1A100034F3C /* LaunchScreen.storyboard */; };
		F01DBCCA2684F97200034F3C /* Model.xcdatamodeld in Sources */ = {isa = PBXBuildFile; fileRef = F01DBCC82684F97200034F3C /* Model.xcdatamodeld */; };
		F01DBCCE2687A32F00034F3C /* CategoryTableViewController.swift in Sources */ = {isa = PBXBuildFile; fileRef = F01DBCCD2687A32F00034F3C /* CategoryTableViewController.swift */; };
/* End PBXBuildFile section */

/* Begin PBXFileReference section */
		F01DBC812681C19D00034F3C /* TimeToNote.app */ = {isa = PBXFileReference; explicitFileType = wrapper.application; includeInIndex = 0; path = TimeToNote.app; sourceTree = BUILT_PRODUCTS_DIR; };
		F01DBC842681C19D00034F3C /* AppDelegate.swift */ = {isa = PBXFileReference; lastKnownFileType = sourcecode.swift; path = AppDelegate.swift; sourceTree = "<group>"; };
		F01DBC862681C19D00034F3C /* SceneDelegate.swift */ = {isa = PBXFileReference; lastKnownFileType = sourcecode.swift; path = SceneDelegate.swift; sourceTree = "<group>"; };
		F01DBC882681C19D00034F3C /* TimeToNoteViewController.swift */ = {isa = PBXFileReference; lastKnownFileType = sourcecode.swift; path = TimeToNoteViewController.swift; sourceTree = "<group>"; };
		F01DBC8B2681C19D00034F3C /* Base */ = {isa = PBXFileReference; lastKnownFileType = file.storyboard; name = Base; path = Base.lproj/Main.storyboard; sourceTree = "<group>"; };
		F01DBC8D2681C1A100034F3C /* Assets.xcassets */ = {isa = PBXFileReference; lastKnownFileType = folder.assetcatalog; path = Assets.xcassets; sourceTree = "<group>"; };
		F01DBC902681C1A100034F3C /* Base */ = {isa = PBXFileReference; lastKnownFileType = file.storyboard; name = Base; path = Base.lproj/LaunchScreen.storyboard; sourceTree = "<group>"; };
		F01DBC922681C1A100034F3C /* Info.plist */ = {isa = PBXFileReference; lastKnownFileType = text.plist.xml; path = Info.plist; sourceTree = "<group>"; };
		F01DBCC92684F97200034F3C /* Model.xcdatamodel */ = {isa = PBXFileReference; lastKnownFileType = wrapper.xcdatamodel; path = Model.xcdatamodel; sourceTree = "<group>"; };
		F01DBCCD2687A32F00034F3C /* CategoryTableViewController.swift */ = {isa = PBXFileReference; lastKnownFileType = sourcecode.swift; name = CategoryTableViewController.swift; path = TimeToNote/View/CategoryTableViewController.swift; sourceTree = SOURCE_ROOT; };
/* End PBXFileReference section */

/* Begin PBXFrameworksBuildPhase section */
		F01DBC7E2681C19D00034F3C /* Frameworks */ = {
			isa = PBXFrameworksBuildPhase;
			buildActionMask = 2147483647;
			files = (
			);
			runOnlyForDeploymentPostprocessing = 0;
		};
/* End PBXFrameworksBuildPhase section */

/* Begin PBXGroup section */
		F01DBC782681C19D00034F3C = {
			isa = PBXGroup;
			children = (
				F01DBC832681C19D00034F3C /* TimeToNote */,
				F01DBC822681C19D00034F3C /* Products */,
			);
			sourceTree = "<group>";
		};
		F01DBC822681C19D00034F3C /* Products */ = {
			isa = PBXGroup;
			children = (
				F01DBC812681C19D00034F3C /* TimeToNote.app */,
			);
			name = Products;
			sourceTree = "<group>";
		};
		F01DBC832681C19D00034F3C /* TimeToNote */ = {
			isa = PBXGroup;
			children = (
				F01DBC842681C19D00034F3C /* AppDelegate.swift */,
				F01DBC862681C19D00034F3C /* SceneDelegate.swift */,
				F01DBCA126838AA400034F3C /* Model */,
				F01DBC9B26838A1F00034F3C /* View */,
				F01DBC9A26838A0200034F3C /* Controller */,
				F01DBC8D2681C1A100034F3C /* Assets.xcassets */,
				F01DBC8F2681C1A100034F3C /* LaunchScreen.storyboard */,
				F01DBC922681C1A100034F3C /* Info.plist */,
			);
			path = TimeToNote;
			sourceTree = "<group>";
		};
		F01DBC9A26838A0200034F3C /* Controller */ = {
			isa = PBXGroup;
			children = (
				F01DBCCD2687A32F00034F3C /* CategoryTableViewController.swift */,
				F01DBC882681C19D00034F3C /* TimeToNoteViewController.swift */,
			);
			path = Controller;
			sourceTree = "<group>";
		};
		F01DBC9B26838A1F00034F3C /* View */ = {
			isa = PBXGroup;
			children = (
				F01DBC8A2681C19D00034F3C /* Main.storyboard */,
			);
			path = View;
			sourceTree = "<group>";
		};
		F01DBCA126838AA400034F3C /* Model */ = {
			isa = PBXGroup;
			children = (
				F01DBCC82684F97200034F3C /* Model.xcdatamodeld */,
			);
			path = Model;
			sourceTree = "<group>";
		};
/* End PBXGroup section */

/* Begin PBXNativeTarget section */
		F01DBC802681C19D00034F3C /* TimeToNote */ = {
			isa = PBXNativeTarget;
			buildConfigurationList = F01DBC952681C1A100034F3C /* Build configuration list for PBXNativeTarget "TimeToNote" */;
			buildPhases = (
				F01DBC7D2681C19D00034F3C /* Sources */,
				F01DBC7E2681C19D00034F3C /* Frameworks */,
				F01DBC7F2681C19D00034F3C /* Resources */,
			);
			buildRules = (
			);
			dependencies = (
			);
			name = TimeToNote;
			productName = TimeToNote;
			productReference = F01DBC812681C19D00034F3C /* TimeToNote.app */;
			productType = "com.apple.product-type.application";
		};
/* End PBXNativeTarget section */

/* Begin PBXProject section */
		F01DBC792681C19D00034F3C /* Project object */ = {
			isa = PBXProject;
			attributes = {
				LastSwiftUpdateCheck = 1240;
				LastUpgradeCheck = 1240;
				TargetAttributes = {
					F01DBC802681C19D00034F3C = {
						CreatedOnToolsVersion = 12.4;
					};
				};
			};
			buildConfigurationList = F01DBC7C2681C19D00034F3C /* Build configuration list for PBXProject "TimeToNote" */;
			compatibilityVersion = "Xcode 9.3";
			developmentRegion = en;
			hasScannedForEncodings = 0;
			knownRegions = (
				en,
				Base,
			);
			mainGroup = F01DBC782681C19D00034F3C;
			productRefGroup = F01DBC822681C19D00034F3C /* Products */;
			projectDirPath = "";
			projectRoot = "";
			targets = (
				F01DBC802681C19D00034F3C /* TimeToNote */,
			);
		};
/* End PBXProject section */

/* Begin PBXResourcesBuildPhase section */
		F01DBC7F2681C19D00034F3C /* Resources */ = {
			isa = PBXResourcesBuildPhase;
			buildActionMask = 2147483647;
			files = (
				F01DBC912681C1A100034F3C /* LaunchScreen.storyboard in Resources */,
				F01DBC8E2681C1A100034F3C /* Assets.xcassets in Resources */,
				F01DBC8C2681C19D00034F3C /* Main.storyboard in Resources */,
			);
			runOnlyForDeploymentPostprocessing = 0;
		};
/* End PBXResourcesBuildPhase section */

/* Begin PBXSourcesBuildPhase section */
		F01DBC7D2681C19D00034F3C /* Sources */ = {
			isa = PBXSourcesBuildPhase;
			buildActionMask = 2147483647;
			files = (
				F01DBC892681C19D00034F3C /* TimeToNoteViewController.swift in Sources */,
				F01DBC852681C19D00034F3C /* AppDelegate.swift in Sources */,
				F01DBCCE2687A32F00034F3C /* CategoryTableViewController.swift in Sources */,
				F01DBC872681C19D00034F3C /* SceneDelegate.swift in Sources */,
				F01DBCCA2684F97200034F3C /* Model.xcdatamodeld in Sources */,
			);
			runOnlyForDeploymentPostprocessing = 0;
		};
/* End PBXSourcesBuildPhase section */

/* Begin PBXVariantGroup section */
		F01DBC8A2681C19D00034F3C /* Main.storyboard */ = {
			isa = PBXVariantGroup;
			children = (
				F01DBC8B2681C19D00034F3C /* Base */,
			);
			name = Main.storyboard;
			sourceTree = "<group>";
		};
		F01DBC8F2681C1A100034F3C /* LaunchScreen.storyboard */ = {
			isa = PBXVariantGroup;
			children = (
				F01DBC902681C1A100034F3C /* Base */,
			);
			name = LaunchScreen.storyboard;
			sourceTree = "<group>";
		};
/* End PBXVariantGroup section */

/* Begin XCBuildConfiguration section */
		F01DBC932681C1A100034F3C /* Debug */ = {
			isa = XCBuildConfiguration;
			buildSettings = {
				ALWAYS_SEARCH_USER_PATHS = NO;
				CLANG_ANALYZER_NONNULL = YES;
				CLANG_ANALYZER_NUMBER_OBJECT_CONVERSION = YES_AGGRESSIVE;
				CLANG_CXX_LANGUAGE_STANDARD = "gnu++14";
				CLANG_CXX_LIBRARY = "libc++";
				CLANG_ENABLE_MODULES = YES;
				CLANG_ENABLE_OBJC_ARC = YES;
				CLANG_ENABLE_OBJC_WEAK = YES;
				CLANG_WARN_BLOCK_CAPTURE_AUTORELEASING = YES;
				CLANG_WARN_BOOL_CONVERSION = YES;
				CLANG_WARN_COMMA = YES;
				CLANG_WARN_CONSTANT_CONVERSION = YES;
				CLANG_WARN_DEPRECATED_OBJC_IMPLEMENTATIONS = YES;
				CLANG_WARN_DIRECT_OBJC_ISA_USAGE = YES_ERROR;
				CLANG_WARN_DOCUMENTATION_COMMENTS = YES;
				CLANG_WARN_EMPTY_BODY = YES;
				CLANG_WARN_ENUM_CONVERSION = YES;
				CLANG_WARN_INFINITE_RECURSION = YES;
				CLANG_WARN_INT_CONVERSION = YES;
				CLANG_WARN_NON_LITERAL_NULL_CONVERSION = YES;
				CLANG_WARN_OBJC_IMPLICIT_RETAIN_SELF = YES;
				CLANG_WARN_OBJC_LITERAL_CONVERSION = YES;
				CLANG_WARN_OBJC_ROOT_CLASS = YES_ERROR;
				CLANG_WARN_QUOTED_INCLUDE_IN_FRAMEWORK_HEADER = YES;
				CLANG_WARN_RANGE_LOOP_ANALYSIS = YES;
				CLANG_WARN_STRICT_PROTOTYPES = YES;
				CLANG_WARN_SUSPICIOUS_MOVE = YES;
				CLANG_WARN_UNGUARDED_AVAILABILITY = YES_AGGRESSIVE;
				CLANG_WARN_UNREACHABLE_CODE = YES;
				CLANG_WARN__DUPLICATE_METHOD_MATCH = YES;
				COPY_PHASE_STRIP = NO;
				DEBUG_INFORMATION_FORMAT = dwarf;
				ENABLE_STRICT_OBJC_MSGSEND = YES;
				ENABLE_TESTABILITY = YES;
				GCC_C_LANGUAGE_STANDARD = gnu11;
				GCC_DYNAMIC_NO_PIC = NO;
				GCC_NO_COMMON_BLOCKS = YES;
				GCC_OPTIMIZATION_LEVEL = 0;
				GCC_PREPROCESSOR_DEFINITIONS = (
					"DEBUG=1",
					"$(inherited)",
				);
				GCC_WARN_64_TO_32_BIT_CONVERSION = YES;
				GCC_WARN_ABOUT_RETURN_TYPE = YES_ERROR;
				GCC_WARN_UNDECLARED_SELECTOR = YES;
				GCC_WARN_UNINITIALIZED_AUTOS = YES_AGGRESSIVE;
				GCC_WARN_UNUSED_FUNCTION = YES;
				GCC_WARN_UNUSED_VARIABLE = YES;
				IPHONEOS_DEPLOYMENT_TARGET = 14.4;
				MTL_ENABLE_DEBUG_INFO = INCLUDE_SOURCE;
				MTL_FAST_MATH = YES;
				ONLY_ACTIVE_ARCH = YES;
				SDKROOT = iphoneos;
				SWIFT_ACTIVE_COMPILATION_CONDITIONS = DEBUG;
				SWIFT_OPTIMIZATION_LEVEL = "-Onone";
			};
			name = Debug;
		};
		F01DBC942681C1A100034F3C /* Release */ = {
			isa = XCBuildConfiguration;
			buildSettings = {
				ALWAYS_SEARCH_USER_PATHS = NO;
				CLANG_ANALYZER_NONNULL = YES;
				CLANG_ANALYZER_NUMBER_OBJECT_CONVERSION = YES_AGGRESSIVE;
				CLANG_CXX_LANGUAGE_STANDARD = "gnu++14";
				CLANG_CXX_LIBRARY = "libc++";
				CLANG_ENABLE_MODULES = YES;
				CLANG_ENABLE_OBJC_ARC = YES;
				CLANG_ENABLE_OBJC_WEAK = YES;
				CLANG_WARN_BLOCK_CAPTURE_AUTORELEASING = YES;
				CLANG_WARN_BOOL_CONVERSION = YES;
				CLANG_WARN_COMMA = YES;
				CLANG_WARN_CONSTANT_CONVERSION = YES;
				CLANG_WARN_DEPRECATED_OBJC_IMPLEMENTATIONS = YES;
				CLANG_WARN_DIRECT_OBJC_ISA_USAGE = YES_ERROR;
				CLANG_WARN_DOCUMENTATION_COMMENTS = YES;
				CLANG_WARN_EMPTY_BODY = YES;
				CLANG_WARN_ENUM_CONVERSION = YES;
				CLANG_WARN_INFINITE_RECURSION = YES;
				CLANG_WARN_INT_CONVERSION = YES;
				CLANG_WARN_NON_LITERAL_NULL_CONVERSION = YES;
				CLANG_WARN_OBJC_IMPLICIT_RETAIN_SELF = YES;
				CLANG_WARN_OBJC_LITERAL_CONVERSION = YES;
				CLANG_WARN_OBJC_ROOT_CLASS = YES_ERROR;
				CLANG_WARN_QUOTED_INCLUDE_IN_FRAMEWORK_HEADER = YES;
				CLANG_WARN_RANGE_LOOP_ANALYSIS = YES;
				CLANG_WARN_STRICT_PROTOTYPES = YES;
				CLANG_WARN_SUSPICIOUS_MOVE = YES;
				CLANG_WARN_UNGUARDED_AVAILABILITY = YES_AGGRESSIVE;
				CLANG_WARN_UNREACHABLE_CODE = YES;
				CLANG_WARN__DUPLICATE_METHOD_MATCH = YES;
				COPY_PHASE_STRIP = NO;
				DEBUG_INFORMATION_FORMAT = "dwarf-with-dsym";
				ENABLE_NS_ASSERTIONS = NO;
				ENABLE_STRICT_OBJC_MSGSEND = YES;
				GCC_C_LANGUAGE_STANDARD = gnu11;
				GCC_NO_COMMON_BLOCKS = YES;
				GCC_WARN_64_TO_32_BIT_CONVERSION = YES;
				GCC_WARN_ABOUT_RETURN_TYPE = YES_ERROR;
				GCC_WARN_UNDECLARED_SELECTOR = YES;
				GCC_WARN_UNINITIALIZED_AUTOS = YES_AGGRESSIVE;
				GCC_WARN_UNUSED_FUNCTION = YES;
				GCC_WARN_UNUSED_VARIABLE = YES;
				IPHONEOS_DEPLOYMENT_TARGET = 14.4;
				MTL_ENABLE_DEBUG_INFO = NO;
				MTL_FAST_MATH = YES;
				SDKROOT = iphoneos;
				SWIFT_COMPILATION_MODE = wholemodule;
				SWIFT_OPTIMIZATION_LEVEL = "-O";
				VALIDATE_PRODUCT = YES;
			};
			name = Release;
		};
		F01DBC962681C1A100034F3C /* Debug */ = {
			isa = XCBuildConfiguration;
			buildSettings = {
				ASSETCATALOG_COMPILER_APPICON_NAME = AppIcon;
				ASSETCATALOG_COMPILER_GLOBAL_ACCENT_COLOR_NAME = AccentColor;
				CODE_SIGN_STYLE = Automatic;
				DEVELOPMENT_TEAM = A5473VPV64;
				INFOPLIST_FILE = TimeToNote/Info.plist;
				LD_RUNPATH_SEARCH_PATHS = (
					"$(inherited)",
					"@executable_path/Frameworks",
				);
				PRODUCT_BUNDLE_IDENTIFIER = com.TimeToNote.2021.TimeToNote;
				PRODUCT_NAME = "$(TARGET_NAME)";
				SWIFT_VERSION = 5.0;
				TARGETED_DEVICE_FAMILY = "1,2";
			};
			name = Debug;
		};
		F01DBC972681C1A100034F3C /* Release */ = {
			isa = XCBuildConfiguration;
			buildSettings = {
				ASSETCATALOG_COMPILER_APPICON_NAME = AppIcon;
				ASSETCATALOG_COMPILER_GLOBAL_ACCENT_COLOR_NAME = AccentColor;
				CODE_SIGN_STYLE = Automatic;
				DEVELOPMENT_TEAM = A5473VPV64;
				INFOPLIST_FILE = TimeToNote/Info.plist;
				LD_RUNPATH_SEARCH_PATHS = (
					"$(inherited)",
					"@executable_path/Frameworks",
				);
				PRODUCT_BUNDLE_IDENTIFIER = com.TimeToNote.2021.TimeToNote;
				PRODUCT_NAME = "$(TARGET_NAME)";
				SWIFT_VERSION = 5.0;
				TARGETED_DEVICE_FAMILY = "1,2";
			};
			name = Release;
		};
/* End XCBuildConfiguration section */

/* Begin XCConfigurationList section */
		F01DBC7C2681C19D00034F3C /* Build configuration list for PBXProject "TimeToNote" */ = {
			isa = XCConfigurationList;
			buildConfigurations = (
				F01DBC932681C1A100034F3C /* Debug */,
				F01DBC942681C1A100034F3C /* Release */,
			);
			defaultConfigurationIsVisible = 0;
			defaultConfigurationName = Release;
		};
		F01DBC952681C1A100034F3C /* Build configuration list for PBXNativeTarget "TimeToNote" */ = {
			isa = XCConfigurationList;
			buildConfigurations = (
				F01DBC962681C1A100034F3C /* Debug */,
				F01DBC972681C1A100034F3C /* Release */,
			);
			defaultConfigurationIsVisible = 0;
			defaultConfigurationName = Release;
		};
/* End XCConfigurationList section */

/* Begin XCVersionGroup section */
		F01DBCC82684F97200034F3C /* Model.xcdatamodeld */ = {
			isa = XCVersionGroup;
			children = (
				F01DBCC92684F97200034F3C /* Model.xcdatamodel */,
			);
			currentVersion = F01DBCC92684F97200034F3C /* Model.xcdatamodel */;
			name = Model.xcdatamodeld;
			path = ../../Model.xcdatamodeld;
			sourceTree = "<group>";
			versionGroupType = wrapper.xcdatamodel;
		};
/* End XCVersionGroup section */
	};
	rootObject = F01DBC792681C19D00034F3C /* Project object */;
}
